
Microsoft Visual Studio Solution File, Format Version 12.00
# Visual Studio 15
VisualStudioVersion = 15.0.28307.902
MinimumVisualStudioVersion = 10.0.40219.1
Project("{9A19103F-16F7-4668-BE54-9A1E7A4F7556}") = "Biblioteka.DAL", "Biblioteka.DAL\Biblioteka.DAL.csproj", "{1701C3B2-5DBC-4069-9A9B-482E2F249ECF}"
EndProject
Project("{9A19103F-16F7-4668-BE54-9A1E7A4F7556}") = "Bibiloteka.Seed", "Bibiloteka.Seed\Bibiloteka.Seed.csproj", "{9BB961EA-493E-48EB-8965-E3360D8655C4}"
EndProject
Project("{9A19103F-16F7-4668-BE54-9A1E7A4F7556}") = "Biblioteka.Web", "Biblioteka.Web\Biblioteka.Web.csproj", "{D1DF4D16-7394-4EDC-AB87-552645793A18}"
EndProject
Global
	GlobalSection(SolutionConfigurationPlatforms) = preSolution
		Debug|Any CPU = Debug|Any CPU
		Release|Any CPU = Release|Any CPU
	EndGlobalSection
	GlobalSection(ProjectConfigurationPlatforms) = postSolution
		{1701C3B2-5DBC-4069-9A9B-482E2F249ECF}.Debug|Any CPU.ActiveCfg = Debug|Any CPU
		{1701C3B2-5DBC-4069-9A9B-482E2F249ECF}.Debug|Any CPU.Build.0 = Debug|Any CPU
		{1701C3B2-5DBC-4069-9A9B-482E2F249ECF}.Release|Any CPU.ActiveCfg = Release|Any CPU
		{1701C3B2-5DBC-4069-9A9B-482E2F249ECF}.Release|Any CPU.Build.0 = Release|Any CPU
		{9BB961EA-493E-48EB-8965-E3360D8655C4}.Debug|Any CPU.ActiveCfg = Debug|Any CPU
		{9BB961EA-493E-48EB-8965-E3360D8655C4}.Debug|Any CPU.Build.0 = Debug|Any CPU
		{9BB961EA-493E-48EB-8965-E3360D8655C4}.Release|Any CPU.ActiveCfg = Release|Any CPU
		{9BB961EA-493E-48EB-8965-E3360D8655C4}.Release|Any CPU.Build.0 = Release|Any CPU
		{D1DF4D16-7394-4EDC-AB87-552645793A18}.Debug|Any CPU.ActiveCfg = Debug|Any CPU
		{D1DF4D16-7394-4EDC-AB87-552645793A18}.Debug|Any CPU.Build.0 = Debug|Any CPU
		{D1DF4D16-7394-4EDC-AB87-552645793A18}.Release|Any CPU.ActiveCfg = Release|Any CPU
		{D1DF4D16-7394-4EDC-AB87-552645793A18}.Release|Any CPU.Build.0 = Release|Any CPU
	EndGlobalSection
	GlobalSection(SolutionProperties) = preSolution
		HideSolutionNode = FALSE
	EndGlobalSection
	GlobalSection(ExtensibilityGlobals) = postSolution
		SolutionGuid = {11F61D6F-4ABB-43F6-B864-D6FAF51FAC1B}
	EndGlobalSection
EndGlobal
